{
	"name": "@rabjs/core",
	"version": "7.0.0",
	"lockfileVersion": 1,
	"requires": true,
	"dependencies": {
		"@nx-js/observer-util": {
			"version": "4.2.2",
			"resolved": "https://registry.npm.taobao.org/@nx-js/observer-util/download/@nx-js/observer-util-4.2.2.tgz",
			"integrity": "sha1-+uobxhk2ZTSG0bXex0hSIJkeYo0="
		},
		"inversify": {
			"version": "5.0.1",
			"resolved": "https://registry.npm.taobao.org/inversify/download/inversify-5.0.1.tgz",
			"integrity": "sha1-UA1wmxQ0iWzloNWJFcSkIQ40+24=",
			"dev": true
		},
		"reflect-metadata": {
			"version": "0.1.13",
			"resolved": "https://registry.npm.taobao.org/reflect-metadata/download/reflect-metadata-0.1.13.tgz",
			"integrity": "sha1-Z648pXyXKiqhZCsQ/jY/4y1J3Ag=",
			"dev": true
		}
	}
}
