{
	"name": "@rabjs/core",
	"version": "7.0.0",
	"lockfileVersion": 1,
	"requires": true,
	"dependencies": {
		"immer": {
			"version": "3.2.0",
			"resolved": "https://registry.npm.taobao.org/immer/download/immer-3.2.0.tgz",
			"integrity": "sha1-U2hkcendKwcOD7VQDG/ezTqZN18="
		},
		"invariant": {
			"version": "2.2.4",
			"resolved": "https://registry.npm.taobao.org/invariant/download/invariant-2.2.4.tgz",
			"integrity": "sha1-YQ88ksk1nOHbYW5TgAjSP/NRWOY=",
			"requires": {
				"loose-envify": "^1.0.0"
			}
		},
		"inversify": {
			"version": "5.0.1",
			"resolved": "https://registry.npm.taobao.org/inversify/download/inversify-5.0.1.tgz?cache=0&other_urls=https%3A%2F%2Fregistry.npm.taobao.org%2Finversify%2Fdownload%2Finversify-5.0.1.tgz",
			"integrity": "sha1-UA1wmxQ0iWzloNWJFcSkIQ40+24="
		},
		"js-tokens": {
			"version": "4.0.0",
			"resolved": "https://registry.npm.taobao.org/js-tokens/download/js-tokens-4.0.0.tgz",
			"integrity": "sha1-GSA/tZmR35jjoocFDUZHzerzJJk="
		},
		"loose-envify": {
			"version": "1.4.0",
			"resolved": "https://registry.npm.taobao.org/loose-envify/download/loose-envify-1.4.0.tgz",
			"integrity": "sha1-ce5R+nvkyuwaY4OffmgtgTLTDK8=",
			"requires": {
				"js-tokens": "^3.0.0 || ^4.0.0"
			}
		},
		"redux": {
			"version": "4.0.4",
			"resolved": "https://registry.npm.taobao.org/redux/download/redux-4.0.4.tgz",
			"integrity": "sha1-TuGusWS2PWobzFeuSqC25vp6N5Y=",
			"requires": {
				"loose-envify": "^1.4.0",
				"symbol-observable": "^1.2.0"
			}
		},
		"reflect-metadata": {
			"version": "0.1.13",
			"resolved": "https://registry.npm.taobao.org/reflect-metadata/download/reflect-metadata-0.1.13.tgz",
			"integrity": "sha1-Z648pXyXKiqhZCsQ/jY/4y1J3Ag="
		},
		"symbol-observable": {
			"version": "1.2.0",
			"resolved": "https://registry.npm.taobao.org/symbol-observable/download/symbol-observable-1.2.0.tgz",
			"integrity": "sha1-wiaIrtTqs83C3+rLtWFmBWCgCAQ="
		},
		"typescript": {
			"version": "3.5.3",
			"resolved": "https://registry.npm.taobao.org/typescript/download/typescript-3.5.3.tgz",
			"integrity": "sha1-yDD2V/k/HqhGgZ6SkJL1/lmD6Xc=",
			"dev": true
		},
		"warning": {
			"version": "4.0.3",
			"resolved": "https://registry.npm.taobao.org/warning/download/warning-4.0.3.tgz",
			"integrity": "sha1-Fungd+uKhtavfWSqHgX9hbRnjKM=",
			"requires": {
				"loose-envify": "^1.0.0"
			}
		}
	}
}
