# THIS IS AN AUTOGENERATED FILE. DO NOT EDIT THIS FILE DIRECTLY.
# yarn lockfile v1


"@types/prop-types@*":
  version "15.7.3"
  resolved "https://registry.npm.taobao.org/@types/prop-types/download/@types/prop-types-15.7.3.tgz#2ab0d5da2e5815f94b0b9d4b95d1e5f243ab2ca7"
  integrity sha1-KrDV2i5YFflLC51LldHl8kOrLKc=

"@types/react-dom@^16.9.8":
  version "16.9.8"
  resolved "https://registry.npm.taobao.org/@types/react-dom/download/@types/react-dom-16.9.8.tgz?cache=0&sync_timestamp=1596841046245&other_urls=https%3A%2F%2Fregistry.npm.taobao.org%2F%40types%2Freact-dom%2Fdownload%2F%40types%2Freact-dom-16.9.8.tgz#fe4c1e11dfc67155733dfa6aa65108b4971cb423"
  integrity sha1-/kweEd/GcVVzPfpqplEItJcctCM=
  dependencies:
    "@types/react" "*"

"@types/react@*":
  version "16.9.45"
  resolved "https://registry.npm.taobao.org/@types/react/download/@types/react-16.9.45.tgz?cache=0&sync_timestamp=1596881381924&other_urls=https%3A%2F%2Fregistry.npm.taobao.org%2F%40types%2Freact%2Fdownload%2F%40types%2Freact-16.9.45.tgz#b43ccf3d8a3d2020e6a48c8c8492e5a4bc10f097"
  integrity sha1-tDzPPYo9ICDmpIyMhJLlpLwQ8Jc=
  dependencies:
    "@types/prop-types" "*"
    csstype "^3.0.2"

csstype@^3.0.2:
  version "3.0.2"
  resolved "https://registry.npm.taobao.org/csstype/download/csstype-3.0.2.tgz?cache=0&sync_timestamp=1596101650451&other_urls=https%3A%2F%2Fregistry.npm.taobao.org%2Fcsstype%2Fdownload%2Fcsstype-3.0.2.tgz#ee5ff8f208c8cd613b389f7b222c9801ca62b3f7"
  integrity sha1-7l/48gjIzWE7OJ97IiyYAcpis/c=

inversify@5.0.1, inversify@^5.0.1:
  version "5.0.1"
  resolved "https://registry.npm.taobao.org/inversify/download/inversify-5.0.1.tgz#500d709b1434896ce5a0d58915c4a4210e34fb6e"
  integrity sha1-UA1wmxQ0iWzloNWJFcSkIQ40+24=

reflect-metadata@0.1.13, reflect-metadata@^0.1.13:
  version "0.1.13"
  resolved "https://registry.npm.taobao.org/reflect-metadata/download/reflect-metadata-0.1.13.tgz#67ae3ca57c972a2aa1642b10fe363fe32d49dc08"
  integrity sha1-Z648pXyXKiqhZCsQ/jY/4y1J3Ag=
